Microsoft Visual Studio Solution File, Format Version 12.00
# Visual Studio 2012
Project("{FAE04EC0-301F-11D3-BF4B-00C04F79EFBC}") = "AVIANS", "AVIANS.csproj", "{C1484C85-E8A9-4222-A852-08CAA254383E}"
EndProject
Global
	GlobalSection(SolutionConfigurationPlatforms) = preSolution
	Debug|Any CPU = Debug|Any CPU
	ExportDebug|Any CPU = ExportDebug|Any CPU
	ExportRelease|Any CPU = ExportRelease|Any CPU
	EndGlobalSection
	GlobalSection(ProjectConfigurationPlatforms) = postSolution
		{C1484C85-E8A9-4222-A852-08CAA254383E}.Debug|Any CPU.ActiveCfg = Debug|Any CPU
		{C1484C85-E8A9-4222-A852-08CAA254383E}.Debug|Any CPU.Build.0 = Debug|Any CPU
		{C1484C85-E8A9-4222-A852-08CAA254383E}.ExportDebug|Any CPU.ActiveCfg = ExportDebug|Any CPU
		{C1484C85-E8A9-4222-A852-08CAA254383E}.ExportDebug|Any CPU.Build.0 = ExportDebug|Any CPU
		{C1484C85-E8A9-4222-A852-08CAA254383E}.ExportRelease|Any CPU.ActiveCfg = ExportRelease|Any CPU
		{C1484C85-E8A9-4222-A852-08CAA254383E}.ExportRelease|Any CPU.Build.0 = ExportRelease|Any CPU
	EndGlobalSection
EndGlobal
